// !$*UTF8*$!
{
	archiveVersion = 1;
	classes = {
	};
	objectVersion = 45;
	objects = {

/* Begin PBXBuildFile section */
		1DDD582C0DA1D0D100B32029 /* CBPage.xib in Resources */ = {isa = PBXBuildFile; fileRef = 1DDD58280DA1D0D100B32029 /* CBPage.xib */; };
		1DDD582D0DA1D0D100B32029 /* MainMenu.xib in Resources */ = {isa = PBXBuildFile; fileRef = 1DDD582A0DA1D0D100B32029 /* MainMenu.xib */; };
		700700DD11469FB7004C7B39 /* CBCAView.m in Sources */ = {isa = PBXBuildFile; fileRef = 700700DC11469FB6004C7B39 /* CBCAView.m */; };
		700700E51146A46C004C7B39 /* QuartzCore.framework in Frameworks */ = {isa = PBXBuildFile; fileRef = 700700E41146A46C004C7B39 /* QuartzCore.framework */; };
		7007033E1147DE26004C7B39 /* CBPageOperation.m in Sources */ = {isa = PBXBuildFile; fileRef = 7007033D1147DE26004C7B39 /* CBPageOperation.m */; };
		7007069F1149C617004C7B39 /* CBCALayoutManager.m in Sources */ = {isa = PBXBuildFile; fileRef = 7007069E1149C617004C7B39 /* CBCALayoutManager.m */; };
		708C7F5B11539DA60070455D /* ZipKit.framework in Frameworks */ = {isa = PBXBuildFile; fileRef = 708C7F5A11539DA60070455D /* ZipKit.framework */; };
		708C7F5C11539DB20070455D /* ZipKit.framework in Copy Frameworks */ = {isa = PBXBuildFile; fileRef = 708C7F5A11539DA60070455D /* ZipKit.framework */; };
		708C7F8B1153A3230070455D /* CBZipPage.m in Sources */ = {isa = PBXBuildFile; fileRef = 708C7F8A1153A3230070455D /* CBZipPage.m */; };
		708C814E11551A220070455D /* CBDataPage.m in Sources */ = {isa = PBXBuildFile; fileRef = 708C814D11551A220070455D /* CBDataPage.m */; };
		708C8BC0115D9DAA0070455D /* RegexKitLite.m in Sources */ = {isa = PBXBuildFile; fileRef = 708C8BBF115D9DAA0070455D /* RegexKitLite.m */; };
		708C8BC8115D9F580070455D /* libicucore.dylib in Frameworks */ = {isa = PBXBuildFile; fileRef = 708C8BC7115D9F580070455D /* libicucore.dylib */; };
		708C8C35115E46BA0070455D /* XADMaster.framework in Frameworks */ = {isa = PBXBuildFile; fileRef = 708C8C34115E46BA0070455D /* XADMaster.framework */; };
		708C8C3B115E47270070455D /* XADMaster.framework in Copy Frameworks */ = {isa = PBXBuildFile; fileRef = 708C8C34115E46BA0070455D /* XADMaster.framework */; };
		708C8C79115E513B0070455D /* CBXADPage.m in Sources */ = {isa = PBXBuildFile; fileRef = 708C8C78115E513B0070455D /* CBXADPage.m */; };
		70B95E06113D70A50069E257 /* CBList.xib in Resources */ = {isa = PBXBuildFile; fileRef = 70B95E05113D70A50069E257 /* CBList.xib */; };
		70B95E1A113D75DC0069E257 /* CBListController.m in Sources */ = {isa = PBXBuildFile; fileRef = 70B95E19113D75DC0069E257 /* CBListController.m */; };
		70B95E1D113D75F10069E257 /* CBPageController.m in Sources */ = {isa = PBXBuildFile; fileRef = 70B95E1C113D75F10069E257 /* CBPageController.m */; };
		70B95F2C113F32E00069E257 /* CBPage.m in Sources */ = {isa = PBXBuildFile; fileRef = 70B95F2B113F32E00069E257 /* CBPage.m */; };
		70B95F35113F33410069E257 /* CBURLPage.m in Sources */ = {isa = PBXBuildFile; fileRef = 70B95F34113F33410069E257 /* CBURLPage.m */; };
		70B95FB9114181A60069E257 /* CBDocumentController.m in Sources */ = {isa = PBXBuildFile; fileRef = 70B95FB8114181A60069E257 /* CBDocumentController.m */; };
		8D15AC2C0486D014006FF6A4 /* Credits.rtf in Resources */ = {isa = PBXBuildFile; fileRef = 2A37F4B9FDCFA73011CA2CEA /* Credits.rtf */; };
		8D15AC2F0486D014006FF6A4 /* InfoPlist.strings in Resources */ = {isa = PBXBuildFile; fileRef = 089C165FFE840EACC02AAC07 /* InfoPlist.strings */; };
		8D15AC310486D014006FF6A4 /* CBDocument.m in Sources */ = {isa = PBXBuildFile; fileRef = 2A37F4ACFDCFA73011CA2CEA /* CBDocument.m */; settings = {ATTRIBUTES = (); }; };
		8D15AC320486D014006FF6A4 /* main.m in Sources */ = {isa = PBXBuildFile; fileRef = 2A37F4B0FDCFA73011CA2CEA /* main.m */; settings = {ATTRIBUTES = (); }; };
		8D15AC340486D014006FF6A4 /* Cocoa.framework in Frameworks */ = {isa = PBXBuildFile; fileRef = 1058C7A7FEA54F5311CA2CBB /* Cocoa.framework */; };
/* End PBXBuildFile section */

/* Begin PBXCopyFilesBuildPhase section */
		7019AC131153909400434454 /* Copy Frameworks */ = {
			isa = PBXCopyFilesBuildPhase;
			buildActionMask = 2147483647;
			dstPath = "";
			dstSubfolderSpec = 10;
			files = (
				708C8C3B115E47270070455D /* XADMaster.framework in Copy Frameworks */,
				708C7F5C11539DB20070455D /* ZipKit.framework in Copy Frameworks */,
			);
			name = "Copy Frameworks";
			runOnlyForDeploymentPostprocessing = 0;
		};
/* End PBXCopyFilesBuildPhase section */

/* Begin PBXFileReference section */
		089C1660FE840EACC02AAC07 /* InfoPlist.strings */ = {isa = PBXFileReference; fileEncoding = 4; lastKnownFileType = text.plist.strings; name = InfoPlist.strings; path = resources/English.lproj/InfoPlist.strings; sourceTree = "<group>"; };
		1058C7A7FEA54F5311CA2CBB /* Cocoa.framework */ = {isa = PBXFileReference; lastKnownFileType = wrapper.framework; name = Cocoa.framework; path = /System/Library/Frameworks/Cocoa.framework; sourceTree = "<absolute>"; };
		13E42FBA07B3F13500E4EEF1 /* CoreData.framework */ = {isa = PBXFileReference; lastKnownFileType = wrapper.framework; name = CoreData.framework; path = /System/Library/Frameworks/CoreData.framework; sourceTree = "<absolute>"; };
		1DDD58290DA1D0D100B32029 /* English */ = {isa = PBXFileReference; lastKnownFileType = file.xib; name = English; path = resources/English.lproj/CBPage.xib; sourceTree = "<group>"; };
		1DDD582B0DA1D0D100B32029 /* MainMenu.xib */ = {isa = PBXFileReference; lastKnownFileType = file.xib; name = MainMenu.xib; path = resources/English.lproj/MainMenu.xib; sourceTree = "<group>"; };
		2564AD2C0F5327BB00F57823 /* ComicBook_Prefix.pch */ = {isa = PBXFileReference; fileEncoding = 4; lastKnownFileType = sourcecode.c.h; name = ComicBook_Prefix.pch; path = src/ComicBook_Prefix.pch; sourceTree = "<group>"; };
		2A37F4ACFDCFA73011CA2CEA /* CBDocument.m */ = {isa = PBXFileReference; fileEncoding = 4; lastKnownFileType = sourcecode.c.objc; name = CBDocument.m; path = src/CBDocument.m; sourceTree = "<group>"; };
		2A37F4AEFDCFA73011CA2CEA /* CBDocument.h */ = {isa = PBXFileReference; fileEncoding = 4; lastKnownFileType = sourcecode.c.h; name = CBDocument.h; path = src/CBDocument.h; sourceTree = "<group>"; };
		2A37F4B0FDCFA73011CA2CEA /* main.m */ = {isa = PBXFileReference; fileEncoding = 4; lastKnownFileType = sourcecode.c.objc; name = main.m; path = src/main.m; sourceTree = "<group>"; };
		2A37F4BAFDCFA73011CA2CEA /* Credits.rtf */ = {isa = PBXFileReference; lastKnownFileType = text.rtf; name = Credits.rtf; path = resources/English.lproj/Credits.rtf; sourceTree = "<group>"; };
		2A37F4C4FDCFA73011CA2CEA /* AppKit.framework */ = {isa = PBXFileReference; lastKnownFileType = wrapper.framework; name = AppKit.framework; path = /System/Library/Frameworks/AppKit.framework; sourceTree = "<absolute>"; };
		2A37F4C5FDCFA73011CA2CEA /* Foundation.framework */ = {isa = PBXFileReference; lastKnownFileType = wrapper.framework; name = Foundation.framework; path = /System/Library/Frameworks/Foundation.framework; sourceTree = "<absolute>"; };
		700700DB11469FB6004C7B39 /* CBCAView.h */ = {isa = PBXFileReference; fileEncoding = 4; lastKnownFileType = sourcecode.c.h; name = CBCAView.h; path = src/View/CBCAView.h; sourceTree = "<group>"; };
		700700DC11469FB6004C7B39 /* CBCAView.m */ = {isa = PBXFileReference; fileEncoding = 4; lastKnownFileType = sourcecode.c.objc; name = CBCAView.m; path = src/View/CBCAView.m; sourceTree = "<group>"; };
		700700E41146A46C004C7B39 /* QuartzCore.framework */ = {isa = PBXFileReference; lastKnownFileType = wrapper.framework; name = QuartzCore.framework; path = System/Library/Frameworks/QuartzCore.framework; sourceTree = SDKROOT; };
		700703161147575F004C7B39 /* CBInputDelegate.h */ = {isa = PBXFileReference; fileEncoding = 4; lastKnownFileType = sourcecode.c.h; name = CBInputDelegate.h; path = src/CBInputDelegate.h; sourceTree = "<group>"; };
		7007033C1147DE26004C7B39 /* CBPageOperation.h */ = {isa = PBXFileReference; fileEncoding = 4; lastKnownFileType = sourcecode.c.h; name = CBPageOperation.h; path = src/CBPageOperation.h; sourceTree = "<group>"; };
		7007033D1147DE26004C7B39 /* CBPageOperation.m */ = {isa = PBXFileReference; fileEncoding = 4; lastKnownFileType = sourcecode.c.objc; name = CBPageOperation.m; path = src/CBPageOperation.m; sourceTree = "<group>"; };
		7007069D1149C617004C7B39 /* CBCALayoutManager.h */ = {isa = PBXFileReference; fileEncoding = 4; lastKnownFileType = sourcecode.c.h; name = CBCALayoutManager.h; path = src/View/CBCALayoutManager.h; sourceTree = "<group>"; };
		7007069E1149C617004C7B39 /* CBCALayoutManager.m */ = {isa = PBXFileReference; fileEncoding = 4; lastKnownFileType = sourcecode.c.objc; name = CBCALayoutManager.m; path = src/View/CBCALayoutManager.m; sourceTree = "<group>"; };
		708C7F5A11539DA60070455D /* ZipKit.framework */ = {isa = PBXFileReference; lastKnownFileType = wrapper.framework; name = ZipKit.framework; path = ../zipkit/build/Release/ZipKit.framework; sourceTree = SOURCE_ROOT; };
		708C7F891153A3230070455D /* CBZipPage.h */ = {isa = PBXFileReference; fileEncoding = 4; lastKnownFileType = sourcecode.c.h; name = CBZipPage.h; path = src/Page/CBZipPage.h; sourceTree = "<group>"; };
		708C7F8A1153A3230070455D /* CBZipPage.m */ = {isa = PBXFileReference; fileEncoding = 4; lastKnownFileType = sourcecode.c.objc; name = CBZipPage.m; path = src/Page/CBZipPage.m; sourceTree = "<group>"; };
		708C814C11551A220070455D /* CBDataPage.h */ = {isa = PBXFileReference; fileEncoding = 4; lastKnownFileType = sourcecode.c.h; name = CBDataPage.h; path = src/Page/CBDataPage.h; sourceTree = "<group>"; };
		708C814D11551A220070455D /* CBDataPage.m */ = {isa = PBXFileReference; fileEncoding = 4; lastKnownFileType = sourcecode.c.objc; name = CBDataPage.m; path = src/Page/CBDataPage.m; sourceTree = "<group>"; };
		708C8BBE115D9DAA0070455D /* RegexKitLite.h */ = {isa = PBXFileReference; fileEncoding = 4; lastKnownFileType = sourcecode.c.h; name = RegexKitLite.h; path = src/RegexKitLite/RegexKitLite.h; sourceTree = "<group>"; };
		708C8BBF115D9DAA0070455D /* RegexKitLite.m */ = {isa = PBXFileReference; fileEncoding = 4; lastKnownFileType = sourcecode.c.objc; name = RegexKitLite.m; path = src/RegexKitLite/RegexKitLite.m; sourceTree = "<group>"; };
		708C8BC7115D9F580070455D /* libicucore.dylib */ = {isa = PBXFileReference; lastKnownFileType = "compiled.mach-o.dylib"; name = libicucore.dylib; path = usr/lib/libicucore.dylib; sourceTree = SDKROOT; };
		708C8C34115E46BA0070455D /* XADMaster.framework */ = {isa = PBXFileReference; lastKnownFileType = wrapper.framework; name = XADMaster.framework; path = ../theunarchiver/trunk/XADMaster/build/Release/XADMaster.framework; sourceTree = SOURCE_ROOT; };
		708C8C77115E513B0070455D /* CBXADPage.h */ = {isa = PBXFileReference; fileEncoding = 4; lastKnownFileType = sourcecode.c.h; name = CBXADPage.h; path = src/Page/CBXADPage.h; sourceTree = "<group>"; };
		708C8C78115E513B0070455D /* CBXADPage.m */ = {isa = PBXFileReference; fileEncoding = 4; lastKnownFileType = sourcecode.c.objc; name = CBXADPage.m; path = src/Page/CBXADPage.m; sourceTree = "<group>"; };
		70B95E03113D70940069E257 /* English */ = {isa = PBXFileReference; lastKnownFileType = file.xib; name = English; path = resources/English.lproj/CBList.xib; sourceTree = "<group>"; };
		70B95E18113D75DC0069E257 /* CBListController.h */ = {isa = PBXFileReference; fileEncoding = 4; lastKnownFileType = sourcecode.c.h; name = CBListController.h; path = src/Controllers/CBListController.h; sourceTree = "<group>"; };
		70B95E19113D75DC0069E257 /* CBListController.m */ = {isa = PBXFileReference; fileEncoding = 4; lastKnownFileType = sourcecode.c.objc; name = CBListController.m; path = src/Controllers/CBListController.m; sourceTree = "<group>"; };
		70B95E1B113D75F10069E257 /* CBPageController.h */ = {isa = PBXFileReference; fileEncoding = 4; lastKnownFileType = sourcecode.c.h; name = CBPageController.h; path = src/Controllers/CBPageController.h; sourceTree = "<group>"; };
		70B95E1C113D75F10069E257 /* CBPageController.m */ = {isa = PBXFileReference; fileEncoding = 4; lastKnownFileType = sourcecode.c.objc; name = CBPageController.m; path = src/Controllers/CBPageController.m; sourceTree = "<group>"; };
		70B95F2A113F32E00069E257 /* CBPage.h */ = {isa = PBXFileReference; fileEncoding = 4; lastKnownFileType = sourcecode.c.h; name = CBPage.h; path = src/Page/CBPage.h; sourceTree = "<group>"; };
		70B95F2B113F32E00069E257 /* CBPage.m */ = {isa = PBXFileReference; fileEncoding = 4; lastKnownFileType = sourcecode.c.objc; name = CBPage.m; path = src/Page/CBPage.m; sourceTree = "<group>"; };
		70B95F33113F33410069E257 /* CBURLPage.h */ = {isa = PBXFileReference; fileEncoding = 4; lastKnownFileType = sourcecode.c.h; name = CBURLPage.h; path = src/Page/CBURLPage.h; sourceTree = "<group>"; };
		70B95F34113F33410069E257 /* CBURLPage.m */ = {isa = PBXFileReference; fileEncoding = 4; lastKnownFileType = sourcecode.c.objc; name = CBURLPage.m; path = src/Page/CBURLPage.m; sourceTree = "<group>"; };
		70B95FB7114181A60069E257 /* CBDocumentController.h */ = {isa = PBXFileReference; fileEncoding = 4; lastKnownFileType = sourcecode.c.h; name = CBDocumentController.h; path = src/Controllers/CBDocumentController.h; sourceTree = "<group>"; };
		70B95FB8114181A60069E257 /* CBDocumentController.m */ = {isa = PBXFileReference; fileEncoding = 4; lastKnownFileType = sourcecode.c.objc; name = CBDocumentController.m; path = src/Controllers/CBDocumentController.m; sourceTree = "<group>"; };
		8D15AC360486D014006FF6A4 /* ComicBook-Info.plist */ = {isa = PBXFileReference; fileEncoding = 4; lastKnownFileType = text.plist.xml; name = "ComicBook-Info.plist"; path = "resources/ComicBook-Info.plist"; sourceTree = "<group>"; };
		8D15AC370486D014006FF6A4 /* ComicBook.app */ = {isa = PBXFileReference; explicitFileType = wrapper.application; includeInIndex = 0; path = ComicBook.app; sourceTree = BUILT_PRODUCTS_DIR; };
/* End PBXFileReference section */

/* Begin PBXFrameworksBuildPhase section */
		8D15AC330486D014006FF6A4 /* Frameworks */ = {
			isa = PBXFrameworksBuildPhase;
			buildActionMask = 2147483647;
			files = (
				8D15AC340486D014006FF6A4 /* Cocoa.framework in Frameworks */,
				700700E51146A46C004C7B39 /* QuartzCore.framework in Frameworks */,
				708C7F5B11539DA60070455D /* ZipKit.framework in Frameworks */,
				708C8BC8115D9F580070455D /* libicucore.dylib in Frameworks */,
				708C8C35115E46BA0070455D /* XADMaster.framework in Frameworks */,
			);
			runOnlyForDeploymentPostprocessing = 0;
		};
/* End PBXFrameworksBuildPhase section */

/* Begin PBXGroup section */
		1058C7A6FEA54F5311CA2CBB /* Linked Frameworks */ = {
			isa = PBXGroup;
			children = (
				1058C7A7FEA54F5311CA2CBB /* Cocoa.framework */,
				700700E41146A46C004C7B39 /* QuartzCore.framework */,
				708C7F5A11539DA60070455D /* ZipKit.framework */,
				708C8BC7115D9F580070455D /* libicucore.dylib */,
				708C8C34115E46BA0070455D /* XADMaster.framework */,
			);
			name = "Linked Frameworks";
			sourceTree = "<group>";
		};
		1058C7A8FEA54F5311CA2CBB /* Other Frameworks */ = {
			isa = PBXGroup;
			children = (
				2A37F4C4FDCFA73011CA2CEA /* AppKit.framework */,
				13E42FBA07B3F13500E4EEF1 /* CoreData.framework */,
				2A37F4C5FDCFA73011CA2CEA /* Foundation.framework */,
			);
			name = "Other Frameworks";
			sourceTree = "<group>";
		};
		19C28FB0FE9D524F11CA2CBB /* Products */ = {
			isa = PBXGroup;
			children = (
				8D15AC370486D014006FF6A4 /* ComicBook.app */,
			);
			name = Products;
			sourceTree = "<group>";
		};
		2A37F4AAFDCFA73011CA2CEA /* ComicBook */ = {
			isa = PBXGroup;
			children = (
				2A37F4ABFDCFA73011CA2CEA /* Classes */,
				2A37F4AFFDCFA73011CA2CEA /* Other Sources */,
				2A37F4B8FDCFA73011CA2CEA /* Resources */,
				2A37F4C3FDCFA73011CA2CEA /* Frameworks */,
				19C28FB0FE9D524F11CA2CBB /* Products */,
			);
			name = ComicBook;
			sourceTree = "<group>";
		};
		2A37F4ABFDCFA73011CA2CEA /* Classes */ = {
			isa = PBXGroup;
			children = (
				708C8BB1115D9D850070455D /* RegexKitLite */,
				70B95E00113C3F810069E257 /* Page */,
				70B95E17113D756D0069E257 /* Controllers */,
				700706931149C56F004C7B39 /* View */,
				2A37F4AEFDCFA73011CA2CEA /* CBDocument.h */,
				2A37F4ACFDCFA73011CA2CEA /* CBDocument.m */,
				700703161147575F004C7B39 /* CBInputDelegate.h */,
				7007033C1147DE26004C7B39 /* CBPageOperation.h */,
				7007033D1147DE26004C7B39 /* CBPageOperation.m */,
			);
			name = Classes;
			sourceTree = "<group>";
		};
		2A37F4AFFDCFA73011CA2CEA /* Other Sources */ = {
			isa = PBXGroup;
			children = (
				2564AD2C0F5327BB00F57823 /* ComicBook_Prefix.pch */,
				2A37F4B0FDCFA73011CA2CEA /* main.m */,
			);
			name = "Other Sources";
			sourceTree = "<group>";
		};
		2A37F4B8FDCFA73011CA2CEA /* Resources */ = {
			isa = PBXGroup;
			children = (
				2A37F4B9FDCFA73011CA2CEA /* Credits.rtf */,
				8D15AC360486D014006FF6A4 /* ComicBook-Info.plist */,
				089C165FFE840EACC02AAC07 /* InfoPlist.strings */,
				70B95E05113D70A50069E257 /* CBList.xib */,
				1DDD58280DA1D0D100B32029 /* CBPage.xib */,
				1DDD582A0DA1D0D100B32029 /* MainMenu.xib */,
			);
			name = Resources;
			sourceTree = "<group>";
		};
		2A37F4C3FDCFA73011CA2CEA /* Frameworks */ = {
			isa = PBXGroup;
			children = (
				1058C7A6FEA54F5311CA2CBB /* Linked Frameworks */,
				1058C7A8FEA54F5311CA2CBB /* Other Frameworks */,
			);
			name = Frameworks;
			sourceTree = "<group>";
		};
		700706931149C56F004C7B39 /* View */ = {
			isa = PBXGroup;
			children = (
				700700DB11469FB6004C7B39 /* CBCAView.h */,
				700700DC11469FB6004C7B39 /* CBCAView.m */,
				7007069D1149C617004C7B39 /* CBCALayoutManager.h */,
				7007069E1149C617004C7B39 /* CBCALayoutManager.m */,
			);
			name = View;
			sourceTree = "<group>";
		};
		708C8BB1115D9D850070455D /* RegexKitLite */ = {
			isa = PBXGroup;
			children = (
				708C8BBE115D9DAA0070455D /* RegexKitLite.h */,
				708C8BBF115D9DAA0070455D /* RegexKitLite.m */,
			);
			name = RegexKitLite;
			sourceTree = "<group>";
		};
		70B95E00113C3F810069E257 /* Page */ = {
			isa = PBXGroup;
			children = (
				70B95F2A113F32E00069E257 /* CBPage.h */,
				70B95F2B113F32E00069E257 /* CBPage.m */,
				70B95F33113F33410069E257 /* CBURLPage.h */,
				70B95F34113F33410069E257 /* CBURLPage.m */,
				708C7F891153A3230070455D /* CBZipPage.h */,
				708C7F8A1153A3230070455D /* CBZipPage.m */,
				708C8C77115E513B0070455D /* CBXADPage.h */,
				708C8C78115E513B0070455D /* CBXADPage.m */,
				708C814C11551A220070455D /* CBDataPage.h */,
				708C814D11551A220070455D /* CBDataPage.m */,
			);
			name = Page;
			sourceTree = "<group>";
		};
		70B95E17113D756D0069E257 /* Controllers */ = {
			isa = PBXGroup;
			children = (
				70B95E18113D75DC0069E257 /* CBListController.h */,
				70B95E19113D75DC0069E257 /* CBListController.m */,
				70B95E1B113D75F10069E257 /* CBPageController.h */,
				70B95E1C113D75F10069E257 /* CBPageController.m */,
				70B95FB7114181A60069E257 /* CBDocumentController.h */,
				70B95FB8114181A60069E257 /* CBDocumentController.m */,
			);
			name = Controllers;
			sourceTree = "<group>";
		};
/* End PBXGroup section */

/* Begin PBXNativeTarget section */
		8D15AC270486D014006FF6A4 /* ComicBook */ = {
			isa = PBXNativeTarget;
			buildConfigurationList = C05733C708A9546B00998B17 /* Build configuration list for PBXNativeTarget "ComicBook" */;
			buildPhases = (
				8D15AC2B0486D014006FF6A4 /* Resources */,
				7019AC131153909400434454 /* Copy Frameworks */,
				8D15AC300486D014006FF6A4 /* Sources */,
				8D15AC330486D014006FF6A4 /* Frameworks */,
			);
			buildRules = (
			);
			dependencies = (
			);
			name = ComicBook;
			productInstallPath = "$(HOME)/Applications";
			productName = ComicBook;
			productReference = 8D15AC370486D014006FF6A4 /* ComicBook.app */;
			productType = "com.apple.product-type.application";
		};
/* End PBXNativeTarget section */

/* Begin PBXProject section */
		2A37F4A9FDCFA73011CA2CEA /* Project object */ = {
			isa = PBXProject;
			attributes = {
				ORGANIZATIONNAME = cbreak;
			};
			buildConfigurationList = C05733CB08A9546B00998B17 /* Build configuration list for PBXProject "ComicBook" */;
			compatibilityVersion = "Xcode 3.1";
			hasScannedForEncodings = 1;
			mainGroup = 2A37F4AAFDCFA73011CA2CEA /* ComicBook */;
			projectDirPath = "";
			projectRoot = "";
			targets = (
				8D15AC270486D014006FF6A4 /* ComicBook */,
			);
		};
/* End PBXProject section */

/* Begin PBXResourcesBuildPhase section */
		8D15AC2B0486D014006FF6A4 /* Resources */ = {
			isa = PBXResourcesBuildPhase;
			buildActionMask = 2147483647;
			files = (
				8D15AC2C0486D014006FF6A4 /* Credits.rtf in Resources */,
				8D15AC2F0486D014006FF6A4 /* InfoPlist.strings in Resources */,
				1DDD582C0DA1D0D100B32029 /* CBPage.xib in Resources */,
				1DDD582D0DA1D0D100B32029 /* MainMenu.xib in Resources */,
				70B95E06113D70A50069E257 /* CBList.xib in Resources */,
			);
			runOnlyForDeploymentPostprocessing = 0;
		};
/* End PBXResourcesBuildPhase section */

/* Begin PBXSourcesBuildPhase section */
		8D15AC300486D014006FF6A4 /* Sources */ = {
			isa = PBXSourcesBuildPhase;
			buildActionMask = 2147483647;
			files = (
				8D15AC310486D014006FF6A4 /* CBDocument.m in Sources */,
				8D15AC320486D014006FF6A4 /* main.m in Sources */,
				70B95E1A113D75DC0069E257 /* CBListController.m in Sources */,
				70B95E1D113D75F10069E257 /* CBPageController.m in Sources */,
				70B95F2C113F32E00069E257 /* CBPage.m in Sources */,
				70B95F35113F33410069E257 /* CBURLPage.m in Sources */,
				70B95FB9114181A60069E257 /* CBDocumentController.m in Sources */,
				700700DD11469FB7004C7B39 /* CBCAView.m in Sources */,
				7007033E1147DE26004C7B39 /* CBPageOperation.m in Sources */,
				7007069F1149C617004C7B39 /* CBCALayoutManager.m in Sources */,
				708C7F8B1153A3230070455D /* CBZipPage.m in Sources */,
				708C814E11551A220070455D /* CBDataPage.m in Sources */,
				708C8BC0115D9DAA0070455D /* RegexKitLite.m in Sources */,
				708C8C79115E513B0070455D /* CBXADPage.m in Sources */,
			);
			runOnlyForDeploymentPostprocessing = 0;
		};
/* End PBXSourcesBuildPhase section */

/* Begin PBXVariantGroup section */
		089C165FFE840EACC02AAC07 /* InfoPlist.strings */ = {
			isa = PBXVariantGroup;
			children = (
				089C1660FE840EACC02AAC07 /* InfoPlist.strings */,
			);
			name = InfoPlist.strings;
			sourceTree = "<group>";
		};
		1DDD58280DA1D0D100B32029 /* CBPage.xib */ = {
			isa = PBXVariantGroup;
			children = (
				1DDD58290DA1D0D100B32029 /* English */,
			);
			name = CBPage.xib;
			sourceTree = "<group>";
		};
		1DDD582A0DA1D0D100B32029 /* MainMenu.xib */ = {
			isa = PBXVariantGroup;
			children = (
				1DDD582B0DA1D0D100B32029 /* MainMenu.xib */,
			);
			name = MainMenu.xib;
			sourceTree = "<group>";
		};
		2A37F4B9FDCFA73011CA2CEA /* Credits.rtf */ = {
			isa = PBXVariantGroup;
			children = (
				2A37F4BAFDCFA73011CA2CEA /* Credits.rtf */,
			);
			name = Credits.rtf;
			sourceTree = "<group>";
		};
		70B95E05113D70A50069E257 /* CBList.xib */ = {
			isa = PBXVariantGroup;
			children = (
				70B95E03113D70940069E257 /* English */,
			);
			name = CBList.xib;
			sourceTree = "<group>";
		};
/* End PBXVariantGroup section */

/* Begin XCBuildConfiguration section */
		C05733C808A9546B00998B17 /* Debug */ = {
			isa = XCBuildConfiguration;
			buildSettings = {
				ALWAYS_SEARCH_USER_PATHS = NO;
				COPY_PHASE_STRIP = NO;
				FRAMEWORK_SEARCH_PATHS = (
					"$(inherited)",
					"\"$(SRCROOT)/../zipkit/build/Release\"",
					"\"$(SRCROOT)/../theunarchiver/trunk/XADMaster/build/Release\"",
				);
				GCC_DYNAMIC_NO_PIC = NO;
				GCC_ENABLE_FIX_AND_CONTINUE = YES;
				GCC_MODEL_TUNING = G5;
				GCC_OPTIMIZATION_LEVEL = 0;
				GCC_PRECOMPILE_PREFIX_HEADER = YES;
				GCC_PREFIX_HEADER = src/ComicBook_Prefix.pch;
				GCC_VERSION = com.apple.compilers.llvm.clang.1_0;
				INFOPLIST_FILE = "resources/ComicBook-Info.plist";
				INSTALL_PATH = "$(HOME)/Applications";
				PRODUCT_NAME = ComicBook;
			};
			name = Debug;
		};
		C05733C908A9546B00998B17 /* Release */ = {
			isa = XCBuildConfiguration;
			buildSettings = {
				ALWAYS_SEARCH_USER_PATHS = NO;
				ARCHS = "$(ARCHS_STANDARD_64_BIT)";
				CODE_SIGN_IDENTITY = "Code Sign Black";
				DEBUG_INFORMATION_FORMAT = "dwarf-with-dsym";
				FRAMEWORK_SEARCH_PATHS = (
					"$(inherited)",
					"\"$(SRCROOT)/../zipkit/build/Release\"",
					"\"$(SRCROOT)/../theunarchiver/trunk/XADMaster/build/Release\"",
				);
				GCC_MODEL_TUNING = G5;
				GCC_PRECOMPILE_PREFIX_HEADER = YES;
				GCC_PREFIX_HEADER = src/ComicBook_Prefix.pch;
				GCC_VERSION = com.apple.compilers.llvm.clang.1_0;
				INFOPLIST_FILE = "resources/ComicBook-Info.plist";
				INSTALL_PATH = "$(HOME)/Applications";
				PRODUCT_NAME = ComicBook;
			};
			name = Release;
		};
		C05733CC08A9546B00998B17 /* Debug */ = {
			isa = XCBuildConfiguration;
			buildSettings = {
				ARCHS = "$(ARCHS_STANDARD_32_64_BIT)";
				GCC_C_LANGUAGE_STANDARD = gnu99;
				GCC_OPTIMIZATION_LEVEL = 0;
				GCC_VERSION = com.apple.compilers.llvm.clang.1_0;
				GCC_WARN_ABOUT_RETURN_TYPE = YES;
				GCC_WARN_SIGN_COMPARE = YES;
				GCC_WARN_UNUSED_VARIABLE = YES;
				LD_RUNPATH_SEARCH_PATHS = "@loader_path/../Frameworks";
				ONLY_ACTIVE_ARCH = YES;
				PREBINDING = NO;
				SDKROOT = macosx10.6;
			};
			name = Debug;
		};
		C05733CD08A9546B00998B17 /* Release */ = {
			isa = XCBuildConfiguration;
			buildSettings = {
				ARCHS = "$(ARCHS_STANDARD_32_64_BIT)";
				GCC_C_LANGUAGE_STANDARD = gnu99;
				GCC_VERSION = com.apple.compilers.llvm.clang.1_0;
				GCC_WARN_ABOUT_RETURN_TYPE = YES;
				GCC_WARN_SIGN_COMPARE = YES;
				GCC_WARN_UNUSED_VARIABLE = YES;
				LD_RUNPATH_SEARCH_PATHS = "@loader_path/../Frameworks";
				PREBINDING = NO;
				SDKROOT = macosx10.6;
			};
			name = Release;
		};
/* End XCBuildConfiguration section */

/* Begin XCConfigurationList section */
		C05733C708A9546B00998B17 /* Build configuration list for PBXNativeTarget "ComicBook" */ = {
			isa = XCConfigurationList;
			buildConfigurations = (
				C05733C808A9546B00998B17 /* Debug */,
				C05733C908A9546B00998B17 /* Release */,
			);
			defaultConfigurationIsVisible = 0;
			defaultConfigurationName = Release;
		};
		C05733CB08A9546B00998B17 /* Build configuration list for PBXProject "ComicBook" */ = {
			isa = XCConfigurationList;
			buildConfigurations = (
				C05733CC08A9546B00998B17 /* Debug */,
				C05733CD08A9546B00998B17 /* Release */,
			);
			defaultConfigurationIsVisible = 0;
			defaultConfigurationName = Release;
		};
/* End XCConfigurationList section */
	};
	rootObject = 2A37F4A9FDCFA73011CA2CEA /* Project object */;
}
